
Microsoft Visual Studio Solution File, Format Version 12.00
# Visual Studio 15
VisualStudioVersion = 15.0.28010.2050
MinimumVisualStudioVersion = 10.0.40219.1
Project("{FAE04EC0-301F-11D3-BF4B-00C04F79EFBC}") = "mail", "mail\mail.csproj", "{750C7314-E896-4FE5-B007-9165F2D8BFF2}"
EndProject
Global
	GlobalSection(SolutionConfigurationPlatforms) = preSolution
		Debug|Any CPU = Debug|Any CPU
		Release|Any CPU = Release|Any CPU
	EndGlobalSection
	GlobalSection(ProjectConfigurationPlatforms) = postSolution
		{750C7314-E896-4FE5-B007-9165F2D8BFF2}.Debug|Any CPU.ActiveCfg = Debug|Any CPU
		{750C7314-E896-4FE5-B007-9165F2D8BFF2}.Debug|Any CPU.Build.0 = Debug|Any CPU
		{750C7314-E896-4FE5-B007-9165F2D8BFF2}.Release|Any CPU.ActiveCfg = Release|Any CPU
		{750C7314-E896-4FE5-B007-9165F2D8BFF2}.Release|Any CPU.Build.0 = Release|Any CPU
	EndGlobalSection
	GlobalSection(SolutionProperties) = preSolution
		HideSolutionNode = FALSE
	EndGlobalSection
	GlobalSection(ExtensibilityGlobals) = postSolution
		SolutionGuid = {D8E3E13A-A087-45F5-9B69-8A1080E27E24}
	EndGlobalSection
EndGlobal
